
Microsoft Visual Studio Solution File, Format Version 12.00
# Visual Studio Version 17
VisualStudioVersion = 17.13.35919.96 d17.13
MinimumVisualStudioVersion = 10.0.40219.1
Project("{FAE04EC0-301F-11D3-BF4B-00C04F79EFBC}") = "dating simulator", "dating simulator\dating simulator.csproj", "{CAEC7B74-F6B3-4E44-AF18-67EF42E602A3}"
EndProject
Global
	GlobalSection(SolutionConfigurationPlatforms) = preSolution
		Debug|Any CPU = Debug|Any CPU
		Release|Any CPU = Release|Any CPU
	EndGlobalSection
	GlobalSection(ProjectConfigurationPlatforms) = postSolution
		{CAEC7B74-F6B3-4E44-AF18-67EF42E602A3}.Debug|Any CPU.ActiveCfg = Debug|Any CPU
		{CAEC7B74-F6B3-4E44-AF18-67EF42E602A3}.Debug|Any CPU.Build.0 = Debug|Any CPU
		{CAEC7B74-F6B3-4E44-AF18-67EF42E602A3}.Release|Any CPU.ActiveCfg = Release|Any CPU
		{CAEC7B74-F6B3-4E44-AF18-67EF42E602A3}.Release|Any CPU.Build.0 = Release|Any CPU
	EndGlobalSection
	GlobalSection(SolutionProperties) = preSolution
		HideSolutionNode = FALSE
	EndGlobalSection
	GlobalSection(ExtensibilityGlobals) = postSolution
		SolutionGuid = {0C4DA553-0E0E-4AC7-955D-97456951443D}
	EndGlobalSection
EndGlobal
